// !$*UTF8*$!
{
	archiveVersion = 1;
	classes = {
	};
	objectVersion = 77;
	objects = {

/* Begin PBXBuildFile section */
		E104D94A2E80EB5C00A4CB83 /* GoogleSignIn in Frameworks */ = {isa = PBXBuildFile; productRef = E104D9492E80EB5C00A4CB83 /* GoogleSignIn */; };
		E104D94C2E80EB5C00A4CB83 /* GoogleSignInSwift in Frameworks */ = {isa = PBXBuildFile; productRef = E104D94B2E80EB5C00A4CB83 /* GoogleSignInSwift */; };
		E1402B212E692D47004904D6 /* FirebaseAuth in Frameworks */ = {isa = PBXBuildFile; productRef = E1402B202E692D47004904D6 /* FirebaseAuth */; };
		E1402B232E692D79004904D6 /* FirebaseFirestore in Frameworks */ = {isa = PBXBuildFile; productRef = E1402B222E692D79004904D6 /* FirebaseFirestore */; };
		E1A29C882EA5FDDA00818156 /* FacebookCore in Frameworks */ = {isa = PBXBuildFile; productRef = E1A29C872EA5FDDA00818156 /* FacebookCore */; };
		E1A29C8A2EA5FDDA00818156 /* FacebookLogin in Frameworks */ = {isa = PBXBuildFile; productRef = E1A29C892EA5FDDA00818156 /* FacebookLogin */; };
/* End PBXBuildFile section */

/* Begin PBXContainerItemProxy section */
		E1402AFF2E692A68004904D6 /* PBXContainerItemProxy */ = {
			isa = PBXContainerItemProxy;
			containerPortal = E1402AE92E692A67004904D6 /* Project object */;
			proxyType = 1;
			remoteGlobalIDString = E1402AF02E692A67004904D6;
			remoteInfo = hiboss;
		};
		E1402B092E692A68004904D6 /* PBXContainerItemProxy */ = {
			isa = PBXContainerItemProxy;
			containerPortal = E1402AE92E692A67004904D6 /* Project object */;
			proxyType = 1;
			remoteGlobalIDString = E1402AF02E692A67004904D6;
			remoteInfo = hiboss;
		};
/* End PBXContainerItemProxy section */

/* Begin PBXFileReference section */
		E1402AF12E692A67004904D6 /* hiboss.app */ = {isa = PBXFileReference; explicitFileType = wrapper.application; includeInIndex = 0; path = hiboss.app; sourceTree = BUILT_PRODUCTS_DIR; };
		E1402AFE2E692A68004904D6 /* hibossTests.xctest */ = {isa = PBXFileReference; explicitFileType = wrapper.cfbundle; includeInIndex = 0; path = hibossTests.xctest; sourceTree = BUILT_PRODUCTS_DIR; };
		E1402B082E692A68004904D6 /* hibossUITests.xctest */ = {isa = PBXFileReference; explicitFileType = wrapper.cfbundle; includeInIndex = 0; path = hibossUITests.xctest; sourceTree = BUILT_PRODUCTS_DIR; };
/* End PBXFileReference section */

/* Begin PBXFileSystemSynchronizedBuildFileExceptionSet section */
		E104D9552E80F47100A4CB83 /* Exceptions for "hiboss" folder in "hiboss" target */ = {
			isa = PBXFileSystemSynchronizedBuildFileExceptionSet;
			membershipExceptions = (
				Info.plist,
			);
			target = E1402AF02E692A67004904D6 /* hiboss */;
		};
/* End PBXFileSystemSynchronizedBuildFileExceptionSet section */

/* Begin PBXFileSystemSynchronizedRootGroup section */
		E1402AF32E692A67004904D6 /* hiboss */ = {
			isa = PBXFileSystemSynchronizedRootGroup;
			exceptions = (
				E104D9552E80F47100A4CB83 /* Exceptions for "hiboss" folder in "hiboss" target */,
			);
			path = hiboss;
			sourceTree = "<group>";
		};
		E1402B012E692A68004904D6 /* hibossTests */ = {
			isa = PBXFileSystemSynchronizedRootGroup;
			path = hibossTests;
			sourceTree = "<group>";
		};
		E1402B0B2E692A68004904D6 /* hibossUITests */ = {
			isa = PBXFileSystemSynchronizedRootGroup;
			path = hibossUITests;
			sourceTree = "<group>";
		};
/* End PBXFileSystemSynchronizedRootGroup section */

/* Begin PBXFrameworksBuildPhase section */
		E1402AEE2E692A67004904D6 /* Frameworks */ = {
			isa = PBXFrameworksBuildPhase;
			buildActionMask = 2147483647;
			files = (
				E1402B212E692D47004904D6 /* FirebaseAuth in Frameworks */,
				E1A29C882EA5FDDA00818156 /* FacebookCore in Frameworks */,
				E1A29C8A2EA5FDDA00818156 /* FacebookLogin in Frameworks */,
				E1402B232E692D79004904D6 /* FirebaseFirestore in Frameworks */,
				E104D94A2E80EB5C00A4CB83 /* GoogleSignIn in Frameworks */,
				E104D94C2E80EB5C00A4CB83 /* GoogleSignInSwift in Frameworks */,
			);
			runOnlyForDeploymentPostprocessing = 0;
		};
		E1402AFB2E692A68004904D6 /* Frameworks */ = {
			isa = PBXFrameworksBuildPhase;
			buildActionMask = 2147483647;
			files = (
			);
			runOnlyForDeploymentPostprocessing = 0;
		};
		E1402B052E692A68004904D6 /* Frameworks */ = {
			isa = PBXFrameworksBuildPhase;
			buildActionMask = 2147483647;
			files = (
			);
			runOnlyForDeploymentPostprocessing = 0;
		};
/* End PBXFrameworksBuildPhase section */

/* Begin PBXGroup section */
		E1402AE82E692A67004904D6 = {
			isa = PBXGroup;
			children = (
				E1402AF32E692A67004904D6 /* hiboss */,
				E1402B012E692A68004904D6 /* hibossTests */,
				E1402B0B2E692A68004904D6 /* hibossUITests */,
				E1402B1F2E692D47004904D6 /* Frameworks */,
				E1402AF22E692A67004904D6 /* Products */,
			);
			sourceTree = "<group>";
		};
		E1402AF22E692A67004904D6 /* Products */ = {
			isa = PBXGroup;
			children = (
				E1402AF12E692A67004904D6 /* hiboss.app */,
				E1402AFE2E692A68004904D6 /* hibossTests.xctest */,
				E1402B082E692A68004904D6 /* hibossUITests.xctest */,
			);
			name = Products;
			sourceTree = "<group>";
		};
		E1402B1F2E692D47004904D6 /* Frameworks */ = {
			isa = PBXGroup;
			children = (
			);
			name = Frameworks;
			sourceTree = "<group>";
		};
/* End PBXGroup section */

/* Begin PBXNativeTarget section */
		E1402AF02E692A67004904D6 /* hiboss */ = {
			isa = PBXNativeTarget;
			buildConfigurationList = E1402B122E692A68004904D6 /* Build configuration list for PBXNativeTarget "hiboss" */;
			buildPhases = (
				E1402AED2E692A67004904D6 /* Sources */,
				E1402AEE2E692A67004904D6 /* Frameworks */,
				E1402AEF2E692A67004904D6 /* Resources */,
			);
			buildRules = (
			);
			dependencies = (
			);
			fileSystemSynchronizedGroups = (
				E1402AF32E692A67004904D6 /* hiboss */,
			);
			name = hiboss;
			packageProductDependencies = (
				E1402B202E692D47004904D6 /* FirebaseAuth */,
				E1402B222E692D79004904D6 /* FirebaseFirestore */,
				E104D9492E80EB5C00A4CB83 /* GoogleSignIn */,
				E104D94B2E80EB5C00A4CB83 /* GoogleSignInSwift */,
				E1A29C872EA5FDDA00818156 /* FacebookCore */,
				E1A29C892EA5FDDA00818156 /* FacebookLogin */,
			);
			productName = hiboss;
			productReference = E1402AF12E692A67004904D6 /* hiboss.app */;
			productType = "com.apple.product-type.application";
		};
		E1402AFD2E692A68004904D6 /* hibossTests */ = {
			isa = PBXNativeTarget;
			buildConfigurationList = E1402B152E692A68004904D6 /* Build configuration list for PBXNativeTarget "hibossTests" */;
			buildPhases = (
				E1402AFA2E692A68004904D6 /* Sources */,
				E1402AFB2E692A68004904D6 /* Frameworks */,
				E1402AFC2E692A68004904D6 /* Resources */,
			);
			buildRules = (
			);
			dependencies = (
				E1402B002E692A68004904D6 /* PBXTargetDependency */,
			);
			fileSystemSynchronizedGroups = (
				E1402B012E692A68004904D6 /* hibossTests */,
			);
			name = hibossTests;
			packageProductDependencies = (
			);
			productName = hibossTests;
			productReference = E1402AFE2E692A68004904D6 /* hibossTests.xctest */;
			productType = "com.apple.product-type.bundle.unit-test";
		};
		E1402B072E692A68004904D6 /* hibossUITests */ = {
			isa = PBXNativeTarget;
			buildConfigurationList = E1402B182E692A68004904D6 /* Build configuration list for PBXNativeTarget "hibossUITests" */;
			buildPhases = (
				E1402B042E692A68004904D6 /* Sources */,
				E1402B052E692A68004904D6 /* Frameworks */,
				E1402B062E692A68004904D6 /* Resources */,
			);
			buildRules = (
			);
			dependencies = (
				E1402B0A2E692A68004904D6 /* PBXTargetDependency */,
			);
			fileSystemSynchronizedGroups = (
				E1402B0B2E692A68004904D6 /* hibossUITests */,
			);
			name = hibossUITests;
			packageProductDependencies = (
			);
			productName = hibossUITests;
			productReference = E1402B082E692A68004904D6 /* hibossUITests.xctest */;
			productType = "com.apple.product-type.bundle.ui-testing";
		};
/* End PBXNativeTarget section */

/* Begin PBXProject section */
		E1402AE92E692A67004904D6 /* Project object */ = {
			isa = PBXProject;
			attributes = {
				BuildIndependentTargetsInParallel = 1;
				LastSwiftUpdateCheck = 1640;
				LastUpgradeCheck = 2600;
				TargetAttributes = {
					E1402AF02E692A67004904D6 = {
						CreatedOnToolsVersion = 16.4;
					};
					E1402AFD2E692A68004904D6 = {
						CreatedOnToolsVersion = 16.4;
						TestTargetID = E1402AF02E692A67004904D6;
					};
					E1402B072E692A68004904D6 = {
						CreatedOnToolsVersion = 16.4;
						TestTargetID = E1402AF02E692A67004904D6;
					};
				};
			};
			buildConfigurationList = E1402AEC2E692A67004904D6 /* Build configuration list for PBXProject "hiboss" */;
			developmentRegion = en;
			hasScannedForEncodings = 0;
			knownRegions = (
				en,
				Base,
			);
			mainGroup = E1402AE82E692A67004904D6;
			minimizedProjectReferenceProxies = 1;
			packageReferences = (
				E1402B1E2E692BD1004904D6 /* XCRemoteSwiftPackageReference "firebase-ios-sdk" */,
				E104D9482E80EB5C00A4CB83 /* XCRemoteSwiftPackageReference "GoogleSignIn-iOS" */,
				E1A29C862EA5EFCC00818156 /* XCRemoteSwiftPackageReference "facebook-ios-sdk" */,
			);
			preferredProjectObjectVersion = 77;
			productRefGroup = E1402AF22E692A67004904D6 /* Products */;
			projectDirPath = "";
			projectRoot = "";
			targets = (
				E1402AF02E692A67004904D6 /* hiboss */,
				E1402AFD2E692A68004904D6 /* hibossTests */,
				E1402B072E692A68004904D6 /* hibossUITests */,
			);
		};
/* End PBXProject section */

/* Begin PBXResourcesBuildPhase section */
		E1402AEF2E692A67004904D6 /* Resources */ = {
			isa = PBXResourcesBuildPhase;
			buildActionMask = 2147483647;
			files = (
			);
			runOnlyForDeploymentPostprocessing = 0;
		};
		E1402AFC2E692A68004904D6 /* Resources */ = {
			isa = PBXResourcesBuildPhase;
			buildActionMask = 2147483647;
			files = (
			);
			runOnlyForDeploymentPostprocessing = 0;
		};
		E1402B062E692A68004904D6 /* Resources */ = {
			isa = PBXResourcesBuildPhase;
			buildActionMask = 2147483647;
			files = (
			);
			runOnlyForDeploymentPostprocessing = 0;
		};
/* End PBXResourcesBuildPhase section */

/* Begin PBXSourcesBuildPhase section */
		E1402AED2E692A67004904D6 /* Sources */ = {
			isa = PBXSourcesBuildPhase;
			buildActionMask = 2147483647;
			files = (
			);
			runOnlyForDeploymentPostprocessing = 0;
		};
		E1402AFA2E692A68004904D6 /* Sources */ = {
			isa = PBXSourcesBuildPhase;
			buildActionMask = 2147483647;
			files = (
			);
			runOnlyForDeploymentPostprocessing = 0;
		};
		E1402B042E692A68004904D6 /* Sources */ = {
			isa = PBXSourcesBuildPhase;
			buildActionMask = 2147483647;
			files = (
			);
			runOnlyForDeploymentPostprocessing = 0;
		};
/* End PBXSourcesBuildPhase section */

/* Begin PBXTargetDependency section */
		E1402B002E692A68004904D6 /* PBXTargetDependency */ = {
			isa = PBXTargetDependency;
			target = E1402AF02E692A67004904D6 /* hiboss */;
			targetProxy = E1402AFF2E692A68004904D6 /* PBXContainerItemProxy */;
		};
		E1402B0A2E692A68004904D6 /* PBXTargetDependency */ = {
			isa = PBXTargetDependency;
			target = E1402AF02E692A67004904D6 /* hiboss */;
			targetProxy = E1402B092E692A68004904D6 /* PBXContainerItemProxy */;
		};
/* End PBXTargetDependency section */

/* Begin XCBuildConfiguration section */
		E1402B102E692A68004904D6 /* Debug */ = {
			isa = XCBuildConfiguration;
			buildSettings = {
				ALWAYS_SEARCH_USER_PATHS = NO;
				ASSETCATALOG_COMPILER_GENERATE_SWIFT_ASSET_SYMBOL_EXTENSIONS = YES;
				CLANG_ANALYZER_NONNULL = YES;
				CLANG_ANALYZER_NUMBER_OBJECT_CONVERSION = YES_AGGRESSIVE;
				CLANG_CXX_LANGUAGE_STANDARD = "gnu++20";
				CLANG_ENABLE_MODULES = YES;
				CLANG_ENABLE_OBJC_ARC = YES;
				CLANG_ENABLE_OBJC_WEAK = YES;
				CLANG_WARN_BLOCK_CAPTURE_AUTORELEASING = YES;
				CLANG_WARN_BOOL_CONVERSION = YES;
				CLANG_WARN_COMMA = YES;
				CLANG_WARN_CONSTANT_CONVERSION = YES;
				CLANG_WARN_DEPRECATED_OBJC_IMPLEMENTATIONS = YES;
				CLANG_WARN_DIRECT_OBJC_ISA_USAGE = YES_ERROR;
				CLANG_WARN_DOCUMENTATION_COMMENTS = YES;
				CLANG_WARN_EMPTY_BODY = YES;
				CLANG_WARN_ENUM_CONVERSION = YES;
				CLANG_WARN_INFINITE_RECURSION = YES;
				CLANG_WARN_INT_CONVERSION = YES;
				CLANG_WARN_NON_LITERAL_NULL_CONVERSION = YES;
				CLANG_WARN_OBJC_IMPLICIT_RETAIN_SELF = YES;
				CLANG_WARN_OBJC_LITERAL_CONVERSION = YES;
				CLANG_WARN_OBJC_ROOT_CLASS = YES_ERROR;
				CLANG_WARN_QUOTED_INCLUDE_IN_FRAMEWORK_HEADER = YES;
				CLANG_WARN_RANGE_LOOP_ANALYSIS = YES;
				CLANG_WARN_STRICT_PROTOTYPES = YES;
				CLANG_WARN_SUSPICIOUS_MOVE = YES;
				CLANG_WARN_UNGUARDED_AVAILABILITY = YES_AGGRESSIVE;
				CLANG_WARN_UNREACHABLE_CODE = YES;
				CLANG_WARN__DUPLICATE_METHOD_MATCH = YES;
				COPY_PHASE_STRIP = NO;
				DEBUG_INFORMATION_FORMAT = dwarf;
				ENABLE_STRICT_OBJC_MSGSEND = YES;
				ENABLE_TESTABILITY = YES;
				ENABLE_USER_SCRIPT_SANDBOXING = YES;
				GCC_C_LANGUAGE_STANDARD = gnu17;
				GCC_DYNAMIC_NO_PIC = NO;
				GCC_NO_COMMON_BLOCKS = YES;
				GCC_OPTIMIZATION_LEVEL = 0;
				GCC_PREPROCESSOR_DEFINITIONS = (
					"DEBUG=1",
					"$(inherited)",
				);
				GCC_WARN_64_TO_32_BIT_CONVERSION = YES;
				GCC_WARN_ABOUT_RETURN_TYPE = YES_ERROR;
				GCC_WARN_UNDECLARED_SELECTOR = YES;
				GCC_WARN_UNINITIALIZED_AUTOS = YES_AGGRESSIVE;
				GCC_WARN_UNUSED_FUNCTION = YES;
				GCC_WARN_UNUSED_VARIABLE = YES;
				IPHONEOS_DEPLOYMENT_TARGET = 18.5;
				LOCALIZATION_PREFERS_STRING_CATALOGS = YES;
				MTL_ENABLE_DEBUG_INFO = INCLUDE_SOURCE;
				MTL_FAST_MATH = YES;
				ONLY_ACTIVE_ARCH = YES;
				SDKROOT = iphoneos;
				STRING_CATALOG_GENERATE_SYMBOLS = YES;
				SWIFT_ACTIVE_COMPILATION_CONDITIONS = "DEBUG $(inherited)";
				SWIFT_EMIT_LOC_STRINGS = YES;
				SWIFT_OPTIMIZATION_LEVEL = "-Onone";
			};
			name = Debug;
		};
		E1402B112E692A68004904D6 /* Release */ = {
			isa = XCBuildConfiguration;
			buildSettings = {
				ALWAYS_SEARCH_USER_PATHS = NO;
				ASSETCATALOG_COMPILER_GENERATE_SWIFT_ASSET_SYMBOL_EXTENSIONS = YES;
				CLANG_ANALYZER_NONNULL = YES;
				CLANG_ANALYZER_NUMBER_OBJECT_CONVERSION = YES_AGGRESSIVE;
				CLANG_CXX_LANGUAGE_STANDARD = "gnu++20";
				CLANG_ENABLE_MODULES = YES;
				CLANG_ENABLE_OBJC_ARC = YES;
				CLANG_ENABLE_OBJC_WEAK = YES;
				CLANG_WARN_BLOCK_CAPTURE_AUTORELEASING = YES;
				CLANG_WARN_BOOL_CONVERSION = YES;
				CLANG_WARN_COMMA = YES;
				CLANG_WARN_CONSTANT_CONVERSION = YES;
				CLANG_WARN_DEPRECATED_OBJC_IMPLEMENTATIONS = YES;
				CLANG_WARN_DIRECT_OBJC_ISA_USAGE = YES_ERROR;
				CLANG_WARN_DOCUMENTATION_COMMENTS = YES;
				CLANG_WARN_EMPTY_BODY = YES;
				CLANG_WARN_ENUM_CONVERSION = YES;
				CLANG_WARN_INFINITE_RECURSION = YES;
				CLANG_WARN_INT_CONVERSION = YES;
				CLANG_WARN_NON_LITERAL_NULL_CONVERSION = YES;
				CLANG_WARN_OBJC_IMPLICIT_RETAIN_SELF = YES;
				CLANG_WARN_OBJC_LITERAL_CONVERSION = YES;
				CLANG_WARN_OBJC_ROOT_CLASS = YES_ERROR;
				CLANG_WARN_QUOTED_INCLUDE_IN_FRAMEWORK_HEADER = YES;
				CLANG_WARN_RANGE_LOOP_ANALYSIS = YES;
				CLANG_WARN_STRICT_PROTOTYPES = YES;
				CLANG_WARN_SUSPICIOUS_MOVE = YES;
				CLANG_WARN_UNGUARDED_AVAILABILITY = YES_AGGRESSIVE;
				CLANG_WARN_UNREACHABLE_CODE = YES;
				CLANG_WARN__DUPLICATE_METHOD_MATCH = YES;
				COPY_PHASE_STRIP = NO;
				DEBUG_INFORMATION_FORMAT = "dwarf-with-dsym";
				ENABLE_NS_ASSERTIONS = NO;
				ENABLE_STRICT_OBJC_MSGSEND = YES;
				ENABLE_USER_SCRIPT_SANDBOXING = YES;
				GCC_C_LANGUAGE_STANDARD = gnu17;
				GCC_NO_COMMON_BLOCKS = YES;
				GCC_WARN_64_TO_32_BIT_CONVERSION = YES;
				GCC_WARN_ABOUT_RETURN_TYPE = YES_ERROR;
				GCC_WARN_UNDECLARED_SELECTOR = YES;
				GCC_WARN_UNINITIALIZED_AUTOS = YES_AGGRESSIVE;
				GCC_WARN_UNUSED_FUNCTION = YES;
				GCC_WARN_UNUSED_VARIABLE = YES;
				IPHONEOS_DEPLOYMENT_TARGET = 18.5;
				LOCALIZATION_PREFERS_STRING_CATALOGS = YES;
				MTL_ENABLE_DEBUG_INFO = NO;
				MTL_FAST_MATH = YES;
				SDKROOT = iphoneos;
				STRING_CATALOG_GENERATE_SYMBOLS = YES;
				SWIFT_COMPILATION_MODE = wholemodule;
				SWIFT_EMIT_LOC_STRINGS = YES;
				VALIDATE_PRODUCT = YES;
			};
			name = Release;
		};
		E1402B132E692A68004904D6 /* Debug */ = {
			isa = XCBuildConfiguration;
			buildSettings = {
				ASSETCATALOG_COMPILER_APPICON_NAME = AppIcon;
				ASSETCATALOG_COMPILER_GLOBAL_ACCENT_COLOR_NAME = AccentColor;
				CODE_SIGN_STYLE = Manual;
				CURRENT_PROJECT_VERSION = 1;
				DEVELOPMENT_TEAM = "";
				ENABLE_PREVIEWS = YES;
				GENERATE_INFOPLIST_FILE = YES;
				INFOPLIST_FILE = hiboss/Info.plist;
				INFOPLIST_KEY_CFBundleDisplayName = "Hi Boss";
				INFOPLIST_KEY_LSApplicationCategoryType = "public.app-category.business";
				INFOPLIST_KEY_UIApplicationSceneManifest_Generation = YES;
				INFOPLIST_KEY_UIApplicationSupportsIndirectInputEvents = YES;
				INFOPLIST_KEY_UILaunchScreen_Generation = YES;
				INFOPLIST_KEY_UISupportedInterfaceOrientations_iPad = "UIInterfaceOrientationPortrait UIInterfaceOrientationPortraitUpsideDown UIInterfaceOrientationLandscapeLeft UIInterfaceOrientationLandscapeRight";
				INFOPLIST_KEY_UISupportedInterfaceOrientations_iPhone = "UIInterfaceOrientationPortrait UIInterfaceOrientationLandscapeLeft UIInterfaceOrientationLandscapeRight";
				LD_RUNPATH_SEARCH_PATHS = (
					"$(inherited)",
					"@executable_path/Frameworks",
				);
				MARKETING_VERSION = 1.0;
				OTHER_LDFLAGS = "-objc";
				PRODUCT_BUNDLE_IDENTIFIER = hiboss.raymondxxu;
				PRODUCT_NAME = "$(TARGET_NAME)";
				PROVISIONING_PROFILE_SPECIFIER = "";
				SWIFT_EMIT_LOC_STRINGS = YES;
				SWIFT_VERSION = 5.0;
				TARGETED_DEVICE_FAMILY = "1,2";
			};
			name = Debug;
		};
		E1402B142E692A68004904D6 /* Release */ = {
			isa = XCBuildConfiguration;
			buildSettings = {
				ASSETCATALOG_COMPILER_APPICON_NAME = AppIcon;
				ASSETCATALOG_COMPILER_GLOBAL_ACCENT_COLOR_NAME = AccentColor;
				CODE_SIGN_STYLE = Manual;
				CURRENT_PROJECT_VERSION = 1;
				DEVELOPMENT_TEAM = "";
				ENABLE_PREVIEWS = YES;
				GENERATE_INFOPLIST_FILE = YES;
				INFOPLIST_FILE = hiboss/Info.plist;
				INFOPLIST_KEY_CFBundleDisplayName = "Hi Boss";
				INFOPLIST_KEY_LSApplicationCategoryType = "public.app-category.business";
				INFOPLIST_KEY_UIApplicationSceneManifest_Generation = YES;
				INFOPLIST_KEY_UIApplicationSupportsIndirectInputEvents = YES;
				INFOPLIST_KEY_UILaunchScreen_Generation = YES;
				INFOPLIST_KEY_UISupportedInterfaceOrientations_iPad = "UIInterfaceOrientationPortrait UIInterfaceOrientationPortraitUpsideDown UIInterfaceOrientationLandscapeLeft UIInterfaceOrientationLandscapeRight";
				INFOPLIST_KEY_UISupportedInterfaceOrientations_iPhone = "UIInterfaceOrientationPortrait UIInterfaceOrientationLandscapeLeft UIInterfaceOrientationLandscapeRight";
				LD_RUNPATH_SEARCH_PATHS = (
					"$(inherited)",
					"@executable_path/Frameworks",
				);
				MARKETING_VERSION = 1.0;
				OTHER_LDFLAGS = "-objc";
				PRODUCT_BUNDLE_IDENTIFIER = hiboss.raymondxxu;
				PRODUCT_NAME = "$(TARGET_NAME)";
				PROVISIONING_PROFILE_SPECIFIER = "";
				SWIFT_EMIT_LOC_STRINGS = YES;
				SWIFT_VERSION = 5.0;
				TARGETED_DEVICE_FAMILY = "1,2";
			};
			name = Release;
		};
		E1402B162E692A68004904D6 /* Debug */ = {
			isa = XCBuildConfiguration;
			buildSettings = {
				BUNDLE_LOADER = "$(TEST_HOST)";
				CODE_SIGN_STYLE = Automatic;
				CURRENT_PROJECT_VERSION = 1;
				GENERATE_INFOPLIST_FILE = YES;
				IPHONEOS_DEPLOYMENT_TARGET = 18.5;
				MARKETING_VERSION = 1.0;
				PRODUCT_BUNDLE_IDENTIFIER = com.raymondxxu.hibossTests;
				PRODUCT_NAME = "$(TARGET_NAME)";
				SWIFT_EMIT_LOC_STRINGS = NO;
				SWIFT_VERSION = 5.0;
				TARGETED_DEVICE_FAMILY = "1,2";
				TEST_HOST = "$(BUILT_PRODUCTS_DIR)/hiboss.app/$(BUNDLE_EXECUTABLE_FOLDER_PATH)/hiboss";
			};
			name = Debug;
		};
		E1402B172E692A68004904D6 /* Release */ = {
			isa = XCBuildConfiguration;
			buildSettings = {
				BUNDLE_LOADER = "$(TEST_HOST)";
				CODE_SIGN_STYLE = Automatic;
				CURRENT_PROJECT_VERSION = 1;
				GENERATE_INFOPLIST_FILE = YES;
				IPHONEOS_DEPLOYMENT_TARGET = 18.5;
				MARKETING_VERSION = 1.0;
				PRODUCT_BUNDLE_IDENTIFIER = com.raymondxxu.hibossTests;
				PRODUCT_NAME = "$(TARGET_NAME)";
				SWIFT_EMIT_LOC_STRINGS = NO;
				SWIFT_VERSION = 5.0;
				TARGETED_DEVICE_FAMILY = "1,2";
				TEST_HOST = "$(BUILT_PRODUCTS_DIR)/hiboss.app/$(BUNDLE_EXECUTABLE_FOLDER_PATH)/hiboss";
			};
			name = Release;
		};
		E1402B192E692A68004904D6 /* Debug */ = {
			isa = XCBuildConfiguration;
			buildSettings = {
				CODE_SIGN_STYLE = Automatic;
				CURRENT_PROJECT_VERSION = 1;
				GENERATE_INFOPLIST_FILE = YES;
				MARKETING_VERSION = 1.0;
				PRODUCT_BUNDLE_IDENTIFIER = com.raymondxxu.hibossUITests;
				PRODUCT_NAME = "$(TARGET_NAME)";
				SWIFT_EMIT_LOC_STRINGS = NO;
				SWIFT_VERSION = 5.0;
				TARGETED_DEVICE_FAMILY = "1,2";
				TEST_TARGET_NAME = hiboss;
			};
			name = Debug;
		};
		E1402B1A2E692A68004904D6 /* Release */ = {
			isa = XCBuildConfiguration;
			buildSettings = {
				CODE_SIGN_STYLE = Automatic;
				CURRENT_PROJECT_VERSION = 1;
				GENERATE_INFOPLIST_FILE = YES;
				MARKETING_VERSION = 1.0;
				PRODUCT_BUNDLE_IDENTIFIER = com.raymondxxu.hibossUITests;
				PRODUCT_NAME = "$(TARGET_NAME)";
				SWIFT_EMIT_LOC_STRINGS = NO;
				SWIFT_VERSION = 5.0;
				TARGETED_DEVICE_FAMILY = "1,2";
				TEST_TARGET_NAME = hiboss;
			};
			name = Release;
		};
/* End XCBuildConfiguration section */

/* Begin XCConfigurationList section */
		E1402AEC2E692A67004904D6 /* Build configuration list for PBXProject "hiboss" */ = {
			isa = XCConfigurationList;
			buildConfigurations = (
				E1402B102E692A68004904D6 /* Debug */,
				E1402B112E692A68004904D6 /* Release */,
			);
			defaultConfigurationIsVisible = 0;
			defaultConfigurationName = Release;
		};
		E1402B122E692A68004904D6 /* Build configuration list for PBXNativeTarget "hiboss" */ = {
			isa = XCConfigurationList;
			buildConfigurations = (
				E1402B132E692A68004904D6 /* Debug */,
				E1402B142E692A68004904D6 /* Release */,
			);
			defaultConfigurationIsVisible = 0;
			defaultConfigurationName = Release;
		};
		E1402B152E692A68004904D6 /* Build configuration list for PBXNativeTarget "hibossTests" */ = {
			isa = XCConfigurationList;
			buildConfigurations = (
				E1402B162E692A68004904D6 /* Debug */,
				E1402B172E692A68004904D6 /* Release */,
			);
			defaultConfigurationIsVisible = 0;
			defaultConfigurationName = Release;
		};
		E1402B182E692A68004904D6 /* Build configuration list for PBXNativeTarget "hibossUITests" */ = {
			isa = XCConfigurationList;
			buildConfigurations = (
				E1402B192E692A68004904D6 /* Debug */,
				E1402B1A2E692A68004904D6 /* Release */,
			);
			defaultConfigurationIsVisible = 0;
			defaultConfigurationName = Release;
		};
/* End XCConfigurationList section */

/* Begin XCRemoteSwiftPackageReference section */
		E104D9482E80EB5C00A4CB83 /* XCRemoteSwiftPackageReference "GoogleSignIn-iOS" */ = {
			isa = XCRemoteSwiftPackageReference;
			repositoryURL = "https://github.com/google/GoogleSignIn-iOS";
			requirement = {
				kind = upToNextMajorVersion;
				minimumVersion = 9.0.0;
			};
		};
		E1402B1E2E692BD1004904D6 /* XCRemoteSwiftPackageReference "firebase-ios-sdk" */ = {
			isa = XCRemoteSwiftPackageReference;
			repositoryURL = "https://github.com/firebase/firebase-ios-sdk";
			requirement = {
				kind = upToNextMajorVersion;
				minimumVersion = 12.2.0;
			};
		};
		E1A29C862EA5EFCC00818156 /* XCRemoteSwiftPackageReference "facebook-ios-sdk" */ = {
			isa = XCRemoteSwiftPackageReference;
			repositoryURL = "https://github.com/facebook/facebook-ios-sdk";
			requirement = {
				kind = upToNextMajorVersion;
				minimumVersion = 18.0.0;
			};
		};
/* End XCRemoteSwiftPackageReference section */

/* Begin XCSwiftPackageProductDependency section */
		E104D9492E80EB5C00A4CB83 /* GoogleSignIn */ = {
			isa = XCSwiftPackageProductDependency;
			package = E104D9482E80EB5C00A4CB83 /* XCRemoteSwiftPackageReference "GoogleSignIn-iOS" */;
			productName = GoogleSignIn;
		};
		E104D94B2E80EB5C00A4CB83 /* GoogleSignInSwift */ = {
			isa = XCSwiftPackageProductDependency;
			package = E104D9482E80EB5C00A4CB83 /* XCRemoteSwiftPackageReference "GoogleSignIn-iOS" */;
			productName = GoogleSignInSwift;
		};
		E1402B202E692D47004904D6 /* FirebaseAuth */ = {
			isa = XCSwiftPackageProductDependency;
			package = E1402B1E2E692BD1004904D6 /* XCRemoteSwiftPackageReference "firebase-ios-sdk" */;
			productName = FirebaseAuth;
		};
		E1402B222E692D79004904D6 /* FirebaseFirestore */ = {
			isa = XCSwiftPackageProductDependency;
			package = E1402B1E2E692BD1004904D6 /* XCRemoteSwiftPackageReference "firebase-ios-sdk" */;
			productName = FirebaseFirestore;
		};
		E1A29C872EA5FDDA00818156 /* FacebookCore */ = {
			isa = XCSwiftPackageProductDependency;
			package = E1A29C862EA5EFCC00818156 /* XCRemoteSwiftPackageReference "facebook-ios-sdk" */;
			productName = FacebookCore;
		};
		E1A29C892EA5FDDA00818156 /* FacebookLogin */ = {
			isa = XCSwiftPackageProductDependency;
			package = E1A29C862EA5EFCC00818156 /* XCRemoteSwiftPackageReference "facebook-ios-sdk" */;
			productName = FacebookLogin;
		};
/* End XCSwiftPackageProductDependency section */
	};
	rootObject = E1402AE92E692A67004904D6 /* Project object */;
}
